
Microsoft Visual Studio Solution File, Format Version 12.00
# Visual Studio Version 16
VisualStudioVersion = 16.0.31729.503
MinimumVisualStudioVersion = 10.0.40219.1
Project("{FAE04EC0-301F-11D3-BF4B-00C04F79EFBC}") = "LicencePlateValidation", "LicencePlateValidation\LicencePlateValidation.csproj", "{DDA22F78-8C03-4532-834A-79EC9267E540}"
EndProject
Global
	GlobalSection(SolutionConfigurationPlatforms) = preSolution
		Debug|Any CPU = Debug|Any CPU
		Release|Any CPU = Release|Any CPU
	EndGlobalSection
	GlobalSection(ProjectConfigurationPlatforms) = postSolution
		{DDA22F78-8C03-4532-834A-79EC9267E540}.Debug|Any CPU.ActiveCfg = Debug|Any CPU
		{DDA22F78-8C03-4532-834A-79EC9267E540}.Debug|Any CPU.Build.0 = Debug|Any CPU
		{DDA22F78-8C03-4532-834A-79EC9267E540}.Release|Any CPU.ActiveCfg = Release|Any CPU
		{DDA22F78-8C03-4532-834A-79EC9267E540}.Release|Any CPU.Build.0 = Release|Any CPU
	EndGlobalSection
	GlobalSection(SolutionProperties) = preSolution
		HideSolutionNode = FALSE
	EndGlobalSection
	GlobalSection(ExtensibilityGlobals) = postSolution
		SolutionGuid = {65C2E027-ACB0-4174-A6A8-EF5EA4E7447E}
	EndGlobalSection
EndGlobal
